
Microsoft Visual Studio Solution File, Format Version 12.00
# Visual Studio 15
VisualStudioVersion = 15.0.28307.1300
MinimumVisualStudioVersion = 10.0.40219.1
Project("{FAE04EC0-301F-11D3-BF4B-00C04F79EFBC}") = "GCRL", "GCRL\GCRL.csproj", "{D7B656F7-7D19-4EBD-B459-98BB160F76BA}"
EndProject
Global
	GlobalSection(SubversionScc) = preSolution
		Svn-Managed = True
		Manager = AnkhSVN - Subversion Support for Visual Studio
	EndGlobalSection
	GlobalSection(SolutionConfigurationPlatforms) = preSolution
		Debug|Any CPU = Debug|Any CPU
		Release|Any CPU = Release|Any CPU
	EndGlobalSection
	GlobalSection(ProjectConfigurationPlatforms) = postSolution
		{D7B656F7-7D19-4EBD-B459-98BB160F76BA}.Debug|Any CPU.ActiveCfg = Debug|Any CPU
		{D7B656F7-7D19-4EBD-B459-98BB160F76BA}.Debug|Any CPU.Build.0 = Debug|Any CPU
		{D7B656F7-7D19-4EBD-B459-98BB160F76BA}.Release|Any CPU.ActiveCfg = Release|Any CPU
		{D7B656F7-7D19-4EBD-B459-98BB160F76BA}.Release|Any CPU.Build.0 = Release|Any CPU
	EndGlobalSection
	GlobalSection(SolutionProperties) = preSolution
		HideSolutionNode = FALSE
	EndGlobalSection
	GlobalSection(ExtensibilityGlobals) = postSolution
		SolutionGuid = {1DFB114C-B379-4BD8-B474-22CBFB504306}
	EndGlobalSection
EndGlobal
