
Microsoft Visual Studio Solution File, Format Version 12.00
# Visual Studio Version 17
VisualStudioVersion = 17.0.32014.148
MinimumVisualStudioVersion = 10.0.40219.1
Project("{FAE04EC0-301F-11D3-BF4B-00C04F79EFBC}") = "GCMaster", "GCMaster\GCMaster.csproj", "{BFE377AC-735B-4D5D-AA73-DE09B95D3F53}"
EndProject
Global
	GlobalSection(SolutionConfigurationPlatforms) = preSolution
		Debug|Any CPU = Debug|Any CPU
		Release|Any CPU = Release|Any CPU
	EndGlobalSection
	GlobalSection(ProjectConfigurationPlatforms) = postSolution
		{BFE377AC-735B-4D5D-AA73-DE09B95D3F53}.Debug|Any CPU.ActiveCfg = Debug|Any CPU
		{BFE377AC-735B-4D5D-AA73-DE09B95D3F53}.Debug|Any CPU.Build.0 = Debug|Any CPU
		{BFE377AC-735B-4D5D-AA73-DE09B95D3F53}.Release|Any CPU.ActiveCfg = Release|Any CPU
		{BFE377AC-735B-4D5D-AA73-DE09B95D3F53}.Release|Any CPU.Build.0 = Release|Any CPU
	EndGlobalSection
	GlobalSection(SolutionProperties) = preSolution
		HideSolutionNode = FALSE
	EndGlobalSection
	GlobalSection(ExtensibilityGlobals) = postSolution
		VisualSVNWorkingCopyRoot = .
		SolutionGuid = {9AA14D98-E607-48ED-8FA7-7382E6573169}
	EndGlobalSection
EndGlobal
